[root]
name = "net-utils-test"
version = "0.0.1"
dependencies = [
 "net-utils 0.0.1 (git+https://github.com/rohitjoshi/net-utils.git)",
]

[[package]]
name = "gcc"
version = "0.1.4"
source = "registry+https://github.com/rust-lang/crates.io-index"

[[package]]
name = "log"
version = "0.1.9"
source = "registry+https://github.com/rust-lang/crates.io-index"
dependencies = [
 "regex 0.1.10 (registry+https://github.com/rust-lang/crates.io-index)",
]

[[package]]
name = "net-utils"
version = "0.0.1"
source = "git+https://github.com/rohitjoshi/net-utils.git#beb4db4002d522f13d6ab2847b36bab1d22c61bf"
dependencies = [
 "log 0.1.9 (registry+https://github.com/rust-lang/crates.io-index)",
 "time 0.1.12 (registry+https://github.com/rust-lang/crates.io-index)",
]

[[package]]
name = "regex"
version = "0.1.10"
source = "registry+https://github.com/rust-lang/crates.io-index"

[[package]]
name = "time"
version = "0.1.12"
source = "registry+https://github.com/rust-lang/crates.io-index"
dependencies = [
 "gcc 0.1.4 (registry+https://github.com/rust-lang/crates.io-index)",
]

